
Microsoft Visual Studio Solution File, Format Version 12.00
# Visual Studio Version 17
VisualStudioVersion = 17.14.36203.30 d17.14
MinimumVisualStudioVersion = 10.0.40219.1
Project("{FAE04EC0-301F-11D3-BF4B-00C04F79EFBC}") = "Store.MicroServices.Autor.api", "Store.MicroServices.Autor.api\Store.MicroServices.Autor.api.csproj", "{06F990A8-2526-4DC0-80D7-21DFFB96A86A}"
EndProject
Global
	GlobalSection(SolutionConfigurationPlatforms) = preSolution
		Debug|Any CPU = Debug|Any CPU
		Release|Any CPU = Release|Any CPU
	EndGlobalSection
	GlobalSection(ProjectConfigurationPlatforms) = postSolution
		{06F990A8-2526-4DC0-80D7-21DFFB96A86A}.Debug|Any CPU.ActiveCfg = Debug|Any CPU
		{06F990A8-2526-4DC0-80D7-21DFFB96A86A}.Debug|Any CPU.Build.0 = Debug|Any CPU
		{06F990A8-2526-4DC0-80D7-21DFFB96A86A}.Release|Any CPU.ActiveCfg = Release|Any CPU
		{06F990A8-2526-4DC0-80D7-21DFFB96A86A}.Release|Any CPU.Build.0 = Release|Any CPU
	EndGlobalSection
	GlobalSection(SolutionProperties) = preSolution
		HideSolutionNode = FALSE
	EndGlobalSection
	GlobalSection(ExtensibilityGlobals) = postSolution
		SolutionGuid = {C1AC5CF7-C0B0-4A86-A8B7-EDC2A34930B6}
	EndGlobalSection
EndGlobal
